
Microsoft Visual Studio Solution File, Format Version 12.00
# Visual Studio Version 16
VisualStudioVersion = 16.0.33130.400
MinimumVisualStudioVersion = 10.0.40219.1
Project("{FAE04EC0-301F-11D3-BF4B-00C04F79EFBC}") = "tecni-devops", "tecni-devops\tecni-devops.csproj", "{7081D2B2-AD57-404C-9E38-5AFFAD48E77A}"
EndProject
Project("{FAE04EC0-301F-11D3-BF4B-00C04F79EFBC}") = "TecniDevOps.Tests", "TecniDevOps.Tests\TecniDevOps.Tests.csproj", "{EE6D1387-4A3A-4B4F-84F7-A26B4B57D1B5}"
EndProject
Global
	GlobalSection(SolutionConfigurationPlatforms) = preSolution
		Debug|Any CPU = Debug|Any CPU
		Release|Any CPU = Release|Any CPU
	EndGlobalSection
	GlobalSection(ProjectConfigurationPlatforms) = postSolution
		{7081D2B2-AD57-404C-9E38-5AFFAD48E77A}.Debug|Any CPU.ActiveCfg = Debug|Any CPU
		{7081D2B2-AD57-404C-9E38-5AFFAD48E77A}.Debug|Any CPU.Build.0 = Debug|Any CPU
		{7081D2B2-AD57-404C-9E38-5AFFAD48E77A}.Release|Any CPU.ActiveCfg = Release|Any CPU
		{7081D2B2-AD57-404C-9E38-5AFFAD48E77A}.Release|Any CPU.Build.0 = Release|Any CPU
		{EE6D1387-4A3A-4B4F-84F7-A26B4B57D1B5}.Debug|Any CPU.ActiveCfg = Debug|Any CPU
		{EE6D1387-4A3A-4B4F-84F7-A26B4B57D1B5}.Debug|Any CPU.Build.0 = Debug|Any CPU
		{EE6D1387-4A3A-4B4F-84F7-A26B4B57D1B5}.Release|Any CPU.ActiveCfg = Release|Any CPU
		{EE6D1387-4A3A-4B4F-84F7-A26B4B57D1B5}.Release|Any CPU.Build.0 = Release|Any CPU
	EndGlobalSection
	GlobalSection(SolutionProperties) = preSolution
		HideSolutionNode = FALSE
	EndGlobalSection
	GlobalSection(ExtensibilityGlobals) = postSolution
		SolutionGuid = {34593353-3426-437F-8820-356C2EDEA829}
	EndGlobalSection
EndGlobal
